
Microsoft Visual Studio Solution File, Format Version 12.00
# Visual Studio Version 17
VisualStudioVersion = 17.5.33414.496
MinimumVisualStudioVersion = 10.0.40219.1
Project("{FAE04EC0-301F-11D3-BF4B-00C04F79EFBC}") = "CalendarBooking", "CalendarBooking\CalendarBooking.csproj", "{5EB42E9A-2497-43C7-B7B2-34A621B9776A}"
EndProject
Global
	GlobalSection(SolutionConfigurationPlatforms) = preSolution
		Debug|Any CPU = Debug|Any CPU
		Release|Any CPU = Release|Any CPU
	EndGlobalSection
	GlobalSection(ProjectConfigurationPlatforms) = postSolution
		{5EB42E9A-2497-43C7-B7B2-34A621B9776A}.Debug|Any CPU.ActiveCfg = Debug|Any CPU
		{5EB42E9A-2497-43C7-B7B2-34A621B9776A}.Debug|Any CPU.Build.0 = Debug|Any CPU
		{5EB42E9A-2497-43C7-B7B2-34A621B9776A}.Release|Any CPU.ActiveCfg = Release|Any CPU
		{5EB42E9A-2497-43C7-B7B2-34A621B9776A}.Release|Any CPU.Build.0 = Release|Any CPU
	EndGlobalSection
	GlobalSection(SolutionProperties) = preSolution
		HideSolutionNode = FALSE
	EndGlobalSection
	GlobalSection(ExtensibilityGlobals) = postSolution
		SolutionGuid = {A2DD6428-8DB1-458F-90E8-B13DDBC4E907}
	EndGlobalSection
EndGlobal
